PODS:
  - Flutter (1.0.0)
  - jitsi_meet_wrapper (0.0.1):
    - Flutter
    - JitsiMeetSDK (= 4.0.0)
  - JitsiMeetSDK (4.0.0)

DEPENDENCIES:
  - Flutter (from `Flutter`)
  - jitsi_meet_wrapper (from `.symlinks/plugins/jitsi_meet_wrapper/ios`)

SPEC REPOS:
  trunk:
    - JitsiMeetSDK

EXTERNAL SOURCES:
  Flutter:
    :path: Flutter
  jitsi_meet_wrapper:
    :path: ".symlinks/plugins/jitsi_meet_wrapper/ios"

SPEC CHECKSUMS:
  Flutter: 50d75fe2f02b26cc09d224853bb45737f8b3214a
  jitsi_meet_wrapper: d649e0e69941c15d05cd7c3c0c18641e3fa6b5c5
  JitsiMeetSDK: 4820d8408fafcd5cbd1b15fdb6086a5d89a0d010

PODFILE CHECKSUM: 816b008b6353631c9f1ba1db96a33591d278e419

COCOAPODS: 1.11.2
